
Microsoft Visual Studio Solution File, Format Version 12.00
# Visual Studio Version 17
VisualStudioVersion = 17.0.31903.59
MinimumVisualStudioVersion = 10.0.40219.1
Project("{9A19103F-16F7-4668-BE54-9A1E7A4F7556}") = "Soul.SqlBatis", "Soul.SqlBatis\Soul.SqlBatis.csproj", "{B6E2D198-BF5F-4A84-9B9A-C27594F34D73}"
EndProject
Project("{9A19103F-16F7-4668-BE54-9A1E7A4F7556}") = "Soul.SqlBatis.Test", "Soul.SqlBatis.Test\Soul.SqlBatis.Test.csproj", "{6F00E338-A639-4D27-8CF6-2AC80B18A1A1}"
EndProject
Global
	GlobalSection(SolutionConfigurationPlatforms) = preSolution
		Debug|Any CPU = Debug|Any CPU
		Release|Any CPU = Release|Any CPU
	EndGlobalSection
	GlobalSection(ProjectConfigurationPlatforms) = postSolution
		{B6E2D198-BF5F-4A84-9B9A-C27594F34D73}.Debug|Any CPU.ActiveCfg = Debug|Any CPU
		{B6E2D198-BF5F-4A84-9B9A-C27594F34D73}.Debug|Any CPU.Build.0 = Debug|Any CPU
		{B6E2D198-BF5F-4A84-9B9A-C27594F34D73}.Release|Any CPU.ActiveCfg = Release|Any CPU
		{B6E2D198-BF5F-4A84-9B9A-C27594F34D73}.Release|Any CPU.Build.0 = Release|Any CPU
		{6F00E338-A639-4D27-8CF6-2AC80B18A1A1}.Debug|Any CPU.ActiveCfg = Debug|Any CPU
		{6F00E338-A639-4D27-8CF6-2AC80B18A1A1}.Debug|Any CPU.Build.0 = Debug|Any CPU
		{6F00E338-A639-4D27-8CF6-2AC80B18A1A1}.Release|Any CPU.ActiveCfg = Release|Any CPU
		{6F00E338-A639-4D27-8CF6-2AC80B18A1A1}.Release|Any CPU.Build.0 = Release|Any CPU
	EndGlobalSection
	GlobalSection(SolutionProperties) = preSolution
		HideSolutionNode = FALSE
	EndGlobalSection
	GlobalSection(ExtensibilityGlobals) = postSolution
		SolutionGuid = {70C587CA-A9F2-46E9-BFA4-A96EE86A5B0E}
	EndGlobalSection
EndGlobal
